// !$*UTF8*$!
{
	archiveVersion = 1;
	classes = {
	};
	objectVersion = 56;
	objects = {

/* Begin PBXBuildFile section */
		1212F5762C3ECEC100B1DDCF /* GearboxTextField.swift in Sources */ = {isa = PBXBuildFile; fileRef = 1212F5752C3ECEC100B1DDCF /* GearboxTextField.swift */; };
		122191972C56925A00E3E138 /* MasterRouteView.swift in Sources */ = {isa = PBXBuildFile; fileRef = 122191962C56925A00E3E138 /* MasterRouteView.swift */; };
		122191992C5692D000E3E138 /* Router.swift in Sources */ = {isa = PBXBuildFile; fileRef = 122191982C5692D000E3E138 /* Router.swift */; };
		1221919B2C56975F00E3E138 /* SignUpView.swift in Sources */ = {isa = PBXBuildFile; fileRef = 1221919A2C56975F00E3E138 /* SignUpView.swift */; };
		1221E4AF2CC66FB9004AB984 /* SignInViewModel.swift in Sources */ = {isa = PBXBuildFile; fileRef = 1221E4AE2CC66FB2004AB984 /* SignInViewModel.swift */; };
		1221E4B12CC66FCA004AB984 /* SignUpViewModel.swift in Sources */ = {isa = PBXBuildFile; fileRef = 1221E4B02CC66FC6004AB984 /* SignUpViewModel.swift */; };
		1221E4B42CC66FDF004AB984 /* SignInState.swift in Sources */ = {isa = PBXBuildFile; fileRef = 1221E4B32CC66FDB004AB984 /* SignInState.swift */; };
		123BD9062C6B77F3007762EF /* HomeView.swift in Sources */ = {isa = PBXBuildFile; fileRef = 123BD9052C6B77F3007762EF /* HomeView.swift */; };
		124A198D2CF0BA84005B97CA /* BlogCard.swift in Sources */ = {isa = PBXBuildFile; fileRef = 124A198C2CF0BA84005B97CA /* BlogCard.swift */; };
		124F1B412C41284B00897BA3 /* GearboxLargeButton.swift in Sources */ = {isa = PBXBuildFile; fileRef = 124F1B402C41284B00897BA3 /* GearboxLargeButton.swift */; };
		124F1B472C41409200897BA3 /* StringValidators.swift in Sources */ = {isa = PBXBuildFile; fileRef = 124F1B462C41409200897BA3 /* StringValidators.swift */; };
		1251E63E2C36E61F00FE8E93 /* GearboxApp.swift in Sources */ = {isa = PBXBuildFile; fileRef = 1251E63D2C36E61F00FE8E93 /* GearboxApp.swift */; };
		1251E6422C36E62100FE8E93 /* Assets.xcassets in Resources */ = {isa = PBXBuildFile; fileRef = 1251E6412C36E62100FE8E93 /* Assets.xcassets */; };
		1251E6452C36E62100FE8E93 /* Preview Assets.xcassets in Resources */ = {isa = PBXBuildFile; fileRef = 1251E6442C36E62100FE8E93 /* Preview Assets.xcassets */; };
		1251E65A2C36F0E500FE8E93 /* RobotoCondensed.ttf in Resources */ = {isa = PBXBuildFile; fileRef = 1251E6592C36F0E500FE8E93 /* RobotoCondensed.ttf */; };
		1252167C2C5A5DDF00A0185B /* NavigationUtils.swift in Sources */ = {isa = PBXBuildFile; fileRef = 1252167B2C5A5DDF00A0185B /* NavigationUtils.swift */; };
		125216852C5BDE2F00A0185B /* GearboxDatasource in Frameworks */ = {isa = PBXBuildFile; productRef = 125216842C5BDE2F00A0185B /* GearboxDatasource */; };
		12694BCA2C74C13A00E9B44C /* RefreshUserSessionUseCase.swift in Sources */ = {isa = PBXBuildFile; fileRef = 12694BC92C74C13A00E9B44C /* RefreshUserSessionUseCase.swift */; };
		126BEB492C6CC205000DB687 /* KeychainStorage.swift in Sources */ = {isa = PBXBuildFile; fileRef = 126BEB482C6CC205000DB687 /* KeychainStorage.swift */; };
		126BEB4C2C6CC8D7000DB687 /* KeychainSwift in Frameworks */ = {isa = PBXBuildFile; productRef = 126BEB4B2C6CC8D7000DB687 /* KeychainSwift */; };
		126D80142C6629EE006FFD3B /* AuthError.swift in Sources */ = {isa = PBXBuildFile; fileRef = 126D80132C6629EE006FFD3B /* AuthError.swift */; };
		126E780C2CEF7BE100181484 /* CreateNewView.swift in Sources */ = {isa = PBXBuildFile; fileRef = 126E780B2CEF7BDD00181484 /* CreateNewView.swift */; };
		126E780E2CEF7BF300181484 /* BookmarkedBlogsView.swift in Sources */ = {isa = PBXBuildFile; fileRef = 126E780D2CEF7BF100181484 /* BookmarkedBlogsView.swift */; };
		126E78102CEF7C0400181484 /* ExploreView.swift in Sources */ = {isa = PBXBuildFile; fileRef = 126E780F2CEF7C0000181484 /* ExploreView.swift */; };
		126E78122CEF7CA200181484 /* ProfileView.swift in Sources */ = {isa = PBXBuildFile; fileRef = 126E78112CEF7C9B00181484 /* ProfileView.swift */; };
		126E78132CEF7E0B00181484 /* SignUpState.swift in Sources */ = {isa = PBXBuildFile; fileRef = 1221E4B52CC66FE2004AB984 /* SignUpState.swift */; };
		12715B982C760EE600AA37EE /* UserLocalDatasource.swift in Sources */ = {isa = PBXBuildFile; fileRef = 12715B972C760EE600AA37EE /* UserLocalDatasource.swift */; };
		12769EF22CC9236E00F5CEA0 /* FormValidator.swift in Sources */ = {isa = PBXBuildFile; fileRef = 12769EF12CC9236A00F5CEA0 /* FormValidator.swift */; };
		1297A7572D01DFB600DF3BBD /* BlogRepositoryType.swift in Sources */ = {isa = PBXBuildFile; fileRef = 1297A7562D01DFAC00DF3BBD /* BlogRepositoryType.swift */; };
		1297A75A2D01DFF600DF3BBD /* Blog.swift in Sources */ = {isa = PBXBuildFile; fileRef = 1297A7592D01DFF300DF3BBD /* Blog.swift */; };
		1297A75D2D01E2A000DF3BBD /* BlogRepositoryImpl.swift in Sources */ = {isa = PBXBuildFile; fileRef = 1297A75C2D01E29C00DF3BBD /* BlogRepositoryImpl.swift */; };
		1297A75F2D01E36B00DF3BBD /* BlogError.swift in Sources */ = {isa = PBXBuildFile; fileRef = 1297A75E2D01E36700DF3BBD /* BlogError.swift */; };
		1297A7622D01E94200DF3BBD /* BlogResponseToBlogEntityConverter.swift in Sources */ = {isa = PBXBuildFile; fileRef = 1297A7612D01E93600DF3BBD /* BlogResponseToBlogEntityConverter.swift */; };
		1297A7672D01EB4100DF3BBD /* GetTrendingBlogsUseCase.swift in Sources */ = {isa = PBXBuildFile; fileRef = 1297A7662D01EB3C00DF3BBD /* GetTrendingBlogsUseCase.swift */; };
		1297A76B2D01EBF500DF3BBD /* HomeViewModel.swift in Sources */ = {isa = PBXBuildFile; fileRef = 1297A76A2D01EBF000DF3BBD /* HomeViewModel.swift */; };
		1297A76D2D01EC7A00DF3BBD /* HomeState.swift in Sources */ = {isa = PBXBuildFile; fileRef = 1297A76C2D01EC7300DF3BBD /* HomeState.swift */; };
		12A212EF2CCA7D55004BAE4D /* SplashViewModel.swift in Sources */ = {isa = PBXBuildFile; fileRef = 12A212EE2CCA7D3B004BAE4D /* SplashViewModel.swift */; };
		12A810502C3BFC7600725C1B /* OnBoardingContent.swift in Sources */ = {isa = PBXBuildFile; fileRef = 12A8104F2C3BFC7600725C1B /* OnBoardingContent.swift */; };
		12A810562C3C085F00725C1B /* OnBoardingView.swift in Sources */ = {isa = PBXBuildFile; fileRef = 12A810552C3C085F00725C1B /* OnBoardingView.swift */; };
		12A8105B2C3C161900725C1B /* SignInView.swift in Sources */ = {isa = PBXBuildFile; fileRef = 12A8105A2C3C161900725C1B /* SignInView.swift */; };
		12AD4F9F2C5F96040081E9F1 /* User.swift in Sources */ = {isa = PBXBuildFile; fileRef = 12AD4F9E2C5F96040081E9F1 /* User.swift */; };
		12AD4FA12C5F961D0081E9F1 /* Token.swift in Sources */ = {isa = PBXBuildFile; fileRef = 12AD4FA02C5F961D0081E9F1 /* Token.swift */; };
		12AD4FA42C5F967D0081E9F1 /* AuthenticationRepositoryType.swift in Sources */ = {isa = PBXBuildFile; fileRef = 12AD4FA32C5F967D0081E9F1 /* AuthenticationRepositoryType.swift */; };
		12AD4FA82C5F97CD0081E9F1 /* AuthenticationRepositoryImpl.swift in Sources */ = {isa = PBXBuildFile; fileRef = 12AD4FA72C5F97CD0081E9F1 /* AuthenticationRepositoryImpl.swift */; };
		12AD4FAB2C5F99140081E9F1 /* AuthenticationResponseToUserEntityConverter.swift in Sources */ = {isa = PBXBuildFile; fileRef = 12AD4FAA2C5F99140081E9F1 /* AuthenticationResponseToUserEntityConverter.swift */; };
		12AD4FAD2C5F992F0081E9F1 /* Converter.swift in Sources */ = {isa = PBXBuildFile; fileRef = 12AD4FAC2C5F992F0081E9F1 /* Converter.swift */; };
		12C12D732C623CA600C2B0F4 /* Dependency in Frameworks */ = {isa = PBXBuildFile; productRef = 12C12D722C623CA600C2B0F4 /* Dependency */; };
		12C12D752C623CCA00C2B0F4 /* DependecyInjectionContainer.swift in Sources */ = {isa = PBXBuildFile; fileRef = 12C12D742C623CCA00C2B0F4 /* DependecyInjectionContainer.swift */; };
		12C12D782C624B6E00C2B0F4 /* SignInUseCase.swift in Sources */ = {isa = PBXBuildFile; fileRef = 12C12D772C624B6E00C2B0F4 /* SignInUseCase.swift */; };
		12C12D7A2C624C1B00C2B0F4 /* SignUpUseCase.swift in Sources */ = {isa = PBXBuildFile; fileRef = 12C12D792C624C1B00C2B0F4 /* SignUpUseCase.swift */; };
		12C1EDF52C38000A005783CC /* Localizable.xcstrings in Resources */ = {isa = PBXBuildFile; fileRef = 12C1EDF42C38000A005783CC /* Localizable.xcstrings */; };
		12CAFC362C7C8B870038ED40 /* SplashView.swift in Sources */ = {isa = PBXBuildFile; fileRef = 12CAFC352C7C8B870038ED40 /* SplashView.swift */; };
		12F3C3282C906D75003F8F88 /* DateTimeUtils.swift in Sources */ = {isa = PBXBuildFile; fileRef = 12F3C3272C906D75003F8F88 /* DateTimeUtils.swift */; };
		12F3C32A2C9071AD003F8F88 /* TrendingBlogCard.swift in Sources */ = {isa = PBXBuildFile; fileRef = 12F3C3292C9071AD003F8F88 /* TrendingBlogCard.swift */; };
		12F6C7EE2CF606C900905DBB /* BlogDetailView.swift in Sources */ = {isa = PBXBuildFile; fileRef = 12F6C7ED2CF606C900905DBB /* BlogDetailView.swift */; };
		12FAD8912C7F6250007EAB59 /* BottomTabMenuView.swift in Sources */ = {isa = PBXBuildFile; fileRef = 12FAD8902C7F6250007EAB59 /* BottomTabMenuView.swift */; };
		12FD83162C930C8C00A9739E /* TODO.swift in Sources */ = {isa = PBXBuildFile; fileRef = 12FD83152C930C8C00A9739E /* TODO.swift */; };
/* End PBXBuildFile section */

/* Begin PBXFileReference section */
		1212F5752C3ECEC100B1DDCF /* GearboxTextField.swift */ = {isa = PBXFileReference; lastKnownFileType = sourcecode.swift; path = GearboxTextField.swift; sourceTree = "<group>"; };
		122191962C56925A00E3E138 /* MasterRouteView.swift */ = {isa = PBXFileReference; lastKnownFileType = sourcecode.swift; path = MasterRouteView.swift; sourceTree = "<group>"; };
		122191982C5692D000E3E138 /* Router.swift */ = {isa = PBXFileReference; lastKnownFileType = sourcecode.swift; path = Router.swift; sourceTree = "<group>"; };
		1221919A2C56975F00E3E138 /* SignUpView.swift */ = {isa = PBXFileReference; lastKnownFileType = sourcecode.swift; path = SignUpView.swift; sourceTree = "<group>"; };
		1221E4AE2CC66FB2004AB984 /* SignInViewModel.swift */ = {isa = PBXFileReference; lastKnownFileType = sourcecode.swift; path = SignInViewModel.swift; sourceTree = "<group>"; };
		1221E4B02CC66FC6004AB984 /* SignUpViewModel.swift */ = {isa = PBXFileReference; lastKnownFileType = sourcecode.swift; path = SignUpViewModel.swift; sourceTree = "<group>"; };
		1221E4B32CC66FDB004AB984 /* SignInState.swift */ = {isa = PBXFileReference; lastKnownFileType = sourcecode.swift; path = SignInState.swift; sourceTree = "<group>"; };
		1221E4B52CC66FE2004AB984 /* SignUpState.swift */ = {isa = PBXFileReference; lastKnownFileType = sourcecode.swift; path = SignUpState.swift; sourceTree = "<group>"; };
		123BD9052C6B77F3007762EF /* HomeView.swift */ = {isa = PBXFileReference; lastKnownFileType = sourcecode.swift; path = HomeView.swift; sourceTree = "<group>"; };
		124A198C2CF0BA84005B97CA /* BlogCard.swift */ = {isa = PBXFileReference; lastKnownFileType = sourcecode.swift; path = BlogCard.swift; sourceTree = "<group>"; };
		124F1B402C41284B00897BA3 /* GearboxLargeButton.swift */ = {isa = PBXFileReference; lastKnownFileType = sourcecode.swift; path = GearboxLargeButton.swift; sourceTree = "<group>"; };
		124F1B462C41409200897BA3 /* StringValidators.swift */ = {isa = PBXFileReference; lastKnownFileType = sourcecode.swift; path = StringValidators.swift; sourceTree = "<group>"; };
		1251E63A2C36E61F00FE8E93 /* Gearbox.app */ = {isa = PBXFileReference; explicitFileType = wrapper.application; includeInIndex = 0; path = Gearbox.app; sourceTree = BUILT_PRODUCTS_DIR; };
		1251E63D2C36E61F00FE8E93 /* GearboxApp.swift */ = {isa = PBXFileReference; lastKnownFileType = sourcecode.swift; path = GearboxApp.swift; sourceTree = "<group>"; };
		1251E6412C36E62100FE8E93 /* Assets.xcassets */ = {isa = PBXFileReference; lastKnownFileType = folder.assetcatalog; path = Assets.xcassets; sourceTree = "<group>"; };
		1251E6442C36E62100FE8E93 /* Preview Assets.xcassets */ = {isa = PBXFileReference; lastKnownFileType = folder.assetcatalog; path = "Preview Assets.xcassets"; sourceTree = "<group>"; };
		1251E6592C36F0E500FE8E93 /* RobotoCondensed.ttf */ = {isa = PBXFileReference; lastKnownFileType = file; path = RobotoCondensed.ttf; sourceTree = "<group>"; };
		1251E65B2C36F15000FE8E93 /* Info.plist */ = {isa = PBXFileReference; lastKnownFileType = text.plist; path = Info.plist; sourceTree = "<group>"; };
		1252167B2C5A5DDF00A0185B /* NavigationUtils.swift */ = {isa = PBXFileReference; lastKnownFileType = sourcecode.swift; path = NavigationUtils.swift; sourceTree = "<group>"; };
		125216822C5BDE0A00A0185B /* GearboxDatasource */ = {isa = PBXFileReference; lastKnownFileType = wrapper; name = GearboxDatasource; path = Gearbox/GearboxDatasource; sourceTree = "<group>"; };
		12694BC92C74C13A00E9B44C /* RefreshUserSessionUseCase.swift */ = {isa = PBXFileReference; lastKnownFileType = sourcecode.swift; path = RefreshUserSessionUseCase.swift; sourceTree = "<group>"; };
		126BEB482C6CC205000DB687 /* KeychainStorage.swift */ = {isa = PBXFileReference; lastKnownFileType = sourcecode.swift; path = KeychainStorage.swift; sourceTree = "<group>"; };
		126D80132C6629EE006FFD3B /* AuthError.swift */ = {isa = PBXFileReference; lastKnownFileType = sourcecode.swift; path = AuthError.swift; sourceTree = "<group>"; };
		126E780B2CEF7BDD00181484 /* CreateNewView.swift */ = {isa = PBXFileReference; lastKnownFileType = sourcecode.swift; path = CreateNewView.swift; sourceTree = "<group>"; };
		126E780D2CEF7BF100181484 /* BookmarkedBlogsView.swift */ = {isa = PBXFileReference; lastKnownFileType = sourcecode.swift; path = BookmarkedBlogsView.swift; sourceTree = "<group>"; };
		126E780F2CEF7C0000181484 /* ExploreView.swift */ = {isa = PBXFileReference; lastKnownFileType = sourcecode.swift; path = ExploreView.swift; sourceTree = "<group>"; };
		126E78112CEF7C9B00181484 /* ProfileView.swift */ = {isa = PBXFileReference; lastKnownFileType = sourcecode.swift; path = ProfileView.swift; sourceTree = "<group>"; };
		12715B972C760EE600AA37EE /* UserLocalDatasource.swift */ = {isa = PBXFileReference; lastKnownFileType = sourcecode.swift; path = UserLocalDatasource.swift; sourceTree = "<group>"; };
		12769EF12CC9236A00F5CEA0 /* FormValidator.swift */ = {isa = PBXFileReference; lastKnownFileType = sourcecode.swift; path = FormValidator.swift; sourceTree = "<group>"; };
		1297A7562D01DFAC00DF3BBD /* BlogRepositoryType.swift */ = {isa = PBXFileReference; lastKnownFileType = sourcecode.swift; path = BlogRepositoryType.swift; sourceTree = "<group>"; };
		1297A7592D01DFF300DF3BBD /* Blog.swift */ = {isa = PBXFileReference; lastKnownFileType = sourcecode.swift; path = Blog.swift; sourceTree = "<group>"; };
		1297A75C2D01E29C00DF3BBD /* BlogRepositoryImpl.swift */ = {isa = PBXFileReference; lastKnownFileType = sourcecode.swift; path = BlogRepositoryImpl.swift; sourceTree = "<group>"; };
		1297A75E2D01E36700DF3BBD /* BlogError.swift */ = {isa = PBXFileReference; lastKnownFileType = sourcecode.swift; path = BlogError.swift; sourceTree = "<group>"; };
		1297A7612D01E93600DF3BBD /* BlogResponseToBlogEntityConverter.swift */ = {isa = PBXFileReference; lastKnownFileType = sourcecode.swift; path = BlogResponseToBlogEntityConverter.swift; sourceTree = "<group>"; };
		1297A7662D01EB3C00DF3BBD /* GetTrendingBlogsUseCase.swift */ = {isa = PBXFileReference; lastKnownFileType = sourcecode.swift; path = GetTrendingBlogsUseCase.swift; sourceTree = "<group>"; };
		1297A76A2D01EBF000DF3BBD /* HomeViewModel.swift */ = {isa = PBXFileReference; lastKnownFileType = sourcecode.swift; path = HomeViewModel.swift; sourceTree = "<group>"; };
		1297A76C2D01EC7300DF3BBD /* HomeState.swift */ = {isa = PBXFileReference; lastKnownFileType = sourcecode.swift; path = HomeState.swift; sourceTree = "<group>"; };
		12A212EE2CCA7D3B004BAE4D /* SplashViewModel.swift */ = {isa = PBXFileReference; lastKnownFileType = sourcecode.swift; path = SplashViewModel.swift; sourceTree = "<group>"; };
		12A8104F2C3BFC7600725C1B /* OnBoardingContent.swift */ = {isa = PBXFileReference; lastKnownFileType = sourcecode.swift; path = OnBoardingContent.swift; sourceTree = "<group>"; };
		12A810552C3C085F00725C1B /* OnBoardingView.swift */ = {isa = PBXFileReference; lastKnownFileType = sourcecode.swift; path = OnBoardingView.swift; sourceTree = "<group>"; };
		12A8105A2C3C161900725C1B /* SignInView.swift */ = {isa = PBXFileReference; lastKnownFileType = sourcecode.swift; path = SignInView.swift; sourceTree = "<group>"; };
		12AD4F9E2C5F96040081E9F1 /* User.swift */ = {isa = PBXFileReference; lastKnownFileType = sourcecode.swift; path = User.swift; sourceTree = "<group>"; };
		12AD4FA02C5F961D0081E9F1 /* Token.swift */ = {isa = PBXFileReference; lastKnownFileType = sourcecode.swift; path = Token.swift; sourceTree = "<group>"; };
		12AD4FA32C5F967D0081E9F1 /* AuthenticationRepositoryType.swift */ = {isa = PBXFileReference; lastKnownFileType = sourcecode.swift; path = AuthenticationRepositoryType.swift; sourceTree = "<group>"; };
		12AD4FA72C5F97CD0081E9F1 /* AuthenticationRepositoryImpl.swift */ = {isa = PBXFileReference; lastKnownFileType = sourcecode.swift; path = AuthenticationRepositoryImpl.swift; sourceTree = "<group>"; };
		12AD4FAA2C5F99140081E9F1 /* AuthenticationResponseToUserEntityConverter.swift */ = {isa = PBXFileReference; lastKnownFileType = sourcecode.swift; path = AuthenticationResponseToUserEntityConverter.swift; sourceTree = "<group>"; };
		12AD4FAC2C5F992F0081E9F1 /* Converter.swift */ = {isa = PBXFileReference; lastKnownFileType = sourcecode.swift; path = Converter.swift; sourceTree = "<group>"; };
		12C12D742C623CCA00C2B0F4 /* DependecyInjectionContainer.swift */ = {isa = PBXFileReference; lastKnownFileType = sourcecode.swift; path = DependecyInjectionContainer.swift; sourceTree = "<group>"; };
		12C12D772C624B6E00C2B0F4 /* SignInUseCase.swift */ = {isa = PBXFileReference; lastKnownFileType = sourcecode.swift; path = SignInUseCase.swift; sourceTree = "<group>"; };
		12C12D792C624C1B00C2B0F4 /* SignUpUseCase.swift */ = {isa = PBXFileReference; lastKnownFileType = sourcecode.swift; path = SignUpUseCase.swift; sourceTree = "<group>"; };
		12C1EDF42C38000A005783CC /* Localizable.xcstrings */ = {isa = PBXFileReference; lastKnownFileType = text.json.xcstrings; path = Localizable.xcstrings; sourceTree = "<group>"; };
		12CAFC352C7C8B870038ED40 /* SplashView.swift */ = {isa = PBXFileReference; lastKnownFileType = sourcecode.swift; path = SplashView.swift; sourceTree = "<group>"; };
		12F3C3272C906D75003F8F88 /* DateTimeUtils.swift */ = {isa = PBXFileReference; lastKnownFileType = sourcecode.swift; path = DateTimeUtils.swift; sourceTree = "<group>"; };
		12F3C3292C9071AD003F8F88 /* TrendingBlogCard.swift */ = {isa = PBXFileReference; lastKnownFileType = sourcecode.swift; path = TrendingBlogCard.swift; sourceTree = "<group>"; };
		12F6C7ED2CF606C900905DBB /* BlogDetailView.swift */ = {isa = PBXFileReference; lastKnownFileType = sourcecode.swift; path = BlogDetailView.swift; sourceTree = "<group>"; };
		12FAD8902C7F6250007EAB59 /* BottomTabMenuView.swift */ = {isa = PBXFileReference; lastKnownFileType = sourcecode.swift; path = BottomTabMenuView.swift; sourceTree = "<group>"; };
		12FD83152C930C8C00A9739E /* TODO.swift */ = {isa = PBXFileReference; lastKnownFileType = sourcecode.swift; path = TODO.swift; sourceTree = "<group>"; };
/* End PBXFileReference section */

/* Begin PBXFrameworksBuildPhase section */
		1251E6372C36E61F00FE8E93 /* Frameworks */ = {
			isa = PBXFrameworksBuildPhase;
			buildActionMask = 2147483647;
			files = (
				126BEB4C2C6CC8D7000DB687 /* KeychainSwift in Frameworks */,
				125216852C5BDE2F00A0185B /* GearboxDatasource in Frameworks */,
				12C12D732C623CA600C2B0F4 /* Dependency in Frameworks */,
			);
			runOnlyForDeploymentPostprocessing = 0;
		};
/* End PBXFrameworksBuildPhase section */

/* Begin PBXGroup section */
		1212F5732C3ECE8E00B1DDCF /* Common */ = {
			isa = PBXGroup;
			children = (
				1297A7632D01E96200DF3BBD /* Mapper */,
				12FAD88F2C7F6237007EAB59 /* Screen */,
				1212F5742C3ECE9500B1DDCF /* Widget */,
			);
			path = Common;
			sourceTree = "<group>";
		};
		1212F5742C3ECE9500B1DDCF /* Widget */ = {
			isa = PBXGroup;
			children = (
				1212F5752C3ECEC100B1DDCF /* GearboxTextField.swift */,
				124F1B402C41284B00897BA3 /* GearboxLargeButton.swift */,
				124A198C2CF0BA84005B97CA /* BlogCard.swift */,
			);
			path = Widget;
			sourceTree = "<group>";
		};
		122191952C56923D00E3E138 /* Routing */ = {
			isa = PBXGroup;
			children = (
				1252167B2C5A5DDF00A0185B /* NavigationUtils.swift */,
				122191962C56925A00E3E138 /* MasterRouteView.swift */,
				122191982C5692D000E3E138 /* Router.swift */,
			);
			path = Routing;
			sourceTree = "<group>";
		};
		1221E4B22CC66FD6004AB984 /* State */ = {
			isa = PBXGroup;
			children = (
				1221E4B52CC66FE2004AB984 /* SignUpState.swift */,
				1221E4B32CC66FDB004AB984 /* SignInState.swift */,
			);
			path = State;
			sourceTree = "<group>";
		};
		123BD8FF2C6B76D0007762EF /* Blogs */ = {
			isa = PBXGroup;
			children = (
				12F6C7EB2CF6068C00905DBB /* Details */,
				126E78082CEF7B6900181484 /* CreateNew */,
				126E78072CEF7B5F00181484 /* Bookmarks */,
				126E78062CEF7B5A00181484 /* Explore */,
				123BD9002C6B774D007762EF /* Home */,
			);
			path = Blogs;
			sourceTree = "<group>";
		};
		123BD9002C6B774D007762EF /* Home */ = {
			isa = PBXGroup;
			children = (
				1297A7522D01DF5300DF3BBD /* Data */,
				1297A7542D01DF8900DF3BBD /* Domain */,
				12404D5B2C90686C00661C41 /* Presentation */,
				12F3C3252C906D62003F8F88 /* Utils */,
			);
			path = Home;
			sourceTree = "<group>";
		};
		12404D592C90686000661C41 /* Widget */ = {
			isa = PBXGroup;
			children = (
				12F3C3292C9071AD003F8F88 /* TrendingBlogCard.swift */,
			);
			path = Widget;
			sourceTree = "<group>";
		};
		12404D5A2C90686600661C41 /* Screen */ = {
			isa = PBXGroup;
			children = (
				123BD9052C6B77F3007762EF /* HomeView.swift */,
			);
			path = Screen;
			sourceTree = "<group>";
		};
		12404D5B2C90686C00661C41 /* Presentation */ = {
			isa = PBXGroup;
			children = (
				1297A7692D01EBEB00DF3BBD /* State */,
				1297A7682D01EBDE00DF3BBD /* ViewModel */,
				12404D592C90686000661C41 /* Widget */,
				12404D5A2C90686600661C41 /* Screen */,
			);
			path = Presentation;
			sourceTree = "<group>";
		};
		124F1B452C41406F00897BA3 /* Utils */ = {
			isa = PBXGroup;
			children = (
				12769EF12CC9236A00F5CEA0 /* FormValidator.swift */,
				124F1B462C41409200897BA3 /* StringValidators.swift */,
				126BEB482C6CC205000DB687 /* KeychainStorage.swift */,
			);
			path = Utils;
			sourceTree = "<group>";
		};
		1251E6312C36E61F00FE8E93 = {
			isa = PBXGroup;
			children = (
				125216822C5BDE0A00A0185B /* GearboxDatasource */,
				1251E63C2C36E61F00FE8E93 /* Gearbox */,
				1251E63B2C36E61F00FE8E93 /* Products */,
				125216832C5BDE2F00A0185B /* Frameworks */,
			);
			sourceTree = "<group>";
		};
		1251E63B2C36E61F00FE8E93 /* Products */ = {
			isa = PBXGroup;
			children = (
				1251E63A2C36E61F00FE8E93 /* Gearbox.app */,
			);
			name = Products;
			sourceTree = "<group>";
		};
		1251E63C2C36E61F00FE8E93 /* Gearbox */ = {
			isa = PBXGroup;
			children = (
				122191952C56923D00E3E138 /* Routing */,
				12C1EDF22C37FF7D005783CC /* Resources */,
				1251E64D2C36EA7600FE8E93 /* Features */,
				12C12D742C623CCA00C2B0F4 /* DependecyInjectionContainer.swift */,
				1251E63D2C36E61F00FE8E93 /* GearboxApp.swift */,
				1251E65B2C36F15000FE8E93 /* Info.plist */,
				1251E6412C36E62100FE8E93 /* Assets.xcassets */,
				1251E6432C36E62100FE8E93 /* Preview Content */,
				12FD83152C930C8C00A9739E /* TODO.swift */,
			);
			path = Gearbox;
			sourceTree = "<group>";
		};
		1251E6432C36E62100FE8E93 /* Preview Content */ = {
			isa = PBXGroup;
			children = (
				1251E6442C36E62100FE8E93 /* Preview Assets.xcassets */,
			);
			path = "Preview Content";
			sourceTree = "<group>";
		};
		1251E64D2C36EA7600FE8E93 /* Features */ = {
			isa = PBXGroup;
			children = (
				12694BCB2C74DB9D00E9B44C /* Initialization */,
				1251E64E2C36EA7E00FE8E93 /* Onboarding */,
				1251E6502C36EA8C00FE8E93 /* Authentication */,
				123BD8FF2C6B76D0007762EF /* Blogs */,
				1212F5732C3ECE8E00B1DDCF /* Common */,
				126E780A2CEF7BD000181484 /* Profile */,
			);
			path = Features;
			sourceTree = "<group>";
		};
		1251E64E2C36EA7E00FE8E93 /* Onboarding */ = {
			isa = PBXGroup;
			children = (
				12A8104E2C3BFC5800725C1B /* Model */,
				1251E6512C36EA9300FE8E93 /* Presentation */,
			);
			path = Onboarding;
			sourceTree = "<group>";
		};
		1251E6502C36EA8C00FE8E93 /* Authentication */ = {
			isa = PBXGroup;
			children = (
				1252167D2C5BD95400A0185B /* Data */,
				1252167E2C5BD97500A0185B /* Domain */,
				12A810572C3C159E00725C1B /* Presentation */,
				124F1B452C41406F00897BA3 /* Utils */,
			);
			path = Authentication;
			sourceTree = "<group>";
		};
		1251E6512C36EA9300FE8E93 /* Presentation */ = {
			isa = PBXGroup;
			children = (
				12A810552C3C085F00725C1B /* OnBoardingView.swift */,
			);
			path = Presentation;
			sourceTree = "<group>";
		};
		1252167D2C5BD95400A0185B /* Data */ = {
			isa = PBXGroup;
			children = (
				12715B962C760DE400AA37EE /* Datasource */,
				12AD4FA62C5F97560081E9F1 /* Mapper */,
				12AD4FA52C5F974C0081E9F1 /* Repository */,
			);
			path = Data;
			sourceTree = "<group>";
		};
		1252167E2C5BD97500A0185B /* Domain */ = {
			isa = PBXGroup;
			children = (
				12AD4FA22C5F965C0081E9F1 /* Repository */,
				1252167F2C5BD98500A0185B /* Entity */,
				12C12D762C624B5900C2B0F4 /* UseCase */,
			);
			path = Domain;
			sourceTree = "<group>";
		};
		1252167F2C5BD98500A0185B /* Entity */ = {
			isa = PBXGroup;
			children = (
				126D80132C6629EE006FFD3B /* AuthError.swift */,
				12AD4F9E2C5F96040081E9F1 /* User.swift */,
				12AD4FA02C5F961D0081E9F1 /* Token.swift */,
			);
			path = Entity;
			sourceTree = "<group>";
		};
		125216832C5BDE2F00A0185B /* Frameworks */ = {
			isa = PBXGroup;
			children = (
			);
			name = Frameworks;
			sourceTree = "<group>";
		};
		12694BCB2C74DB9D00E9B44C /* Initialization */ = {
			isa = PBXGroup;
			children = (
				12694BCC2C74DBB400E9B44C /* Presentation */,
			);
			path = Initialization;
			sourceTree = "<group>";
		};
		12694BCC2C74DBB400E9B44C /* Presentation */ = {
			isa = PBXGroup;
			children = (
				12A212ED2CCA7D35004BAE4D /* ViewModel */,
				12694BCD2C74DBC000E9B44C /* View */,
			);
			path = Presentation;
			sourceTree = "<group>";
		};
		12694BCD2C74DBC000E9B44C /* View */ = {
			isa = PBXGroup;
			children = (
				12CAFC352C7C8B870038ED40 /* SplashView.swift */,
			);
			path = View;
			sourceTree = "<group>";
		};
		126E78062CEF7B5A00181484 /* Explore */ = {
			isa = PBXGroup;
			children = (
				126E780F2CEF7C0000181484 /* ExploreView.swift */,
			);
			path = Explore;
			sourceTree = "<group>";
		};
		126E78072CEF7B5F00181484 /* Bookmarks */ = {
			isa = PBXGroup;
			children = (
				126E780D2CEF7BF100181484 /* BookmarkedBlogsView.swift */,
			);
			path = Bookmarks;
			sourceTree = "<group>";
		};
		126E78082CEF7B6900181484 /* CreateNew */ = {
			isa = PBXGroup;
			children = (
				126E780B2CEF7BDD00181484 /* CreateNewView.swift */,
			);
			path = CreateNew;
			sourceTree = "<group>";
		};
		126E780A2CEF7BD000181484 /* Profile */ = {
			isa = PBXGroup;
			children = (
				126E78112CEF7C9B00181484 /* ProfileView.swift */,
			);
			path = Profile;
			sourceTree = "<group>";
		};
		12715B962C760DE400AA37EE /* Datasource */ = {
			isa = PBXGroup;
			children = (
				12715B972C760EE600AA37EE /* UserLocalDatasource.swift */,
			);
			path = Datasource;
			sourceTree = "<group>";
		};
		1297A7522D01DF5300DF3BBD /* Data */ = {
			isa = PBXGroup;
			children = (
				1297A7602D01E92400DF3BBD /* Mapper */,
				1297A7532D01DF6000DF3BBD /* Repository */,
			);
			path = Data;
			sourceTree = "<group>";
		};
		1297A7532D01DF6000DF3BBD /* Repository */ = {
			isa = PBXGroup;
			children = (
				1297A7612D01E93600DF3BBD /* BlogResponseToBlogEntityConverter.swift */,
				1297A75C2D01E29C00DF3BBD /* BlogRepositoryImpl.swift */,
			);
			path = Repository;
			sourceTree = "<group>";
		};
		1297A7542D01DF8900DF3BBD /* Domain */ = {
			isa = PBXGroup;
			children = (
				1297A7552D01DFA200DF3BBD /* Repository */,
				1297A7582D01DFE200DF3BBD /* Entity */,
				1297A7652D01EB2F00DF3BBD /* UseCase */,
			);
			path = Domain;
			sourceTree = "<group>";
		};
		1297A7552D01DFA200DF3BBD /* Repository */ = {
			isa = PBXGroup;
			children = (
				1297A7562D01DFAC00DF3BBD /* BlogRepositoryType.swift */,
			);
			path = Repository;
			sourceTree = "<group>";
		};
		1297A7582D01DFE200DF3BBD /* Entity */ = {
			isa = PBXGroup;
			children = (
				1297A75E2D01E36700DF3BBD /* BlogError.swift */,
				1297A7592D01DFF300DF3BBD /* Blog.swift */,
			);
			path = Entity;
			sourceTree = "<group>";
		};
		1297A7602D01E92400DF3BBD /* Mapper */ = {
			isa = PBXGroup;
			children = (
			);
			path = Mapper;
			sourceTree = "<group>";
		};
		1297A7632D01E96200DF3BBD /* Mapper */ = {
			isa = PBXGroup;
			children = (
				12AD4FAC2C5F992F0081E9F1 /* Converter.swift */,
			);
			path = Mapper;
			sourceTree = "<group>";
		};
		1297A7652D01EB2F00DF3BBD /* UseCase */ = {
			isa = PBXGroup;
			children = (
				1297A7662D01EB3C00DF3BBD /* GetTrendingBlogsUseCase.swift */,
			);
			path = UseCase;
			sourceTree = "<group>";
		};
		1297A7682D01EBDE00DF3BBD /* ViewModel */ = {
			isa = PBXGroup;
			children = (
				1297A76A2D01EBF000DF3BBD /* HomeViewModel.swift */,
			);
			path = ViewModel;
			sourceTree = "<group>";
		};
		1297A7692D01EBEB00DF3BBD /* State */ = {
			isa = PBXGroup;
			children = (
				1297A76C2D01EC7300DF3BBD /* HomeState.swift */,
			);
			path = State;
			sourceTree = "<group>";
		};
		12A212ED2CCA7D35004BAE4D /* ViewModel */ = {
			isa = PBXGroup;
			children = (
				12A212EE2CCA7D3B004BAE4D /* SplashViewModel.swift */,
			);
			path = ViewModel;
			sourceTree = "<group>";
		};
		12A8104E2C3BFC5800725C1B /* Model */ = {
			isa = PBXGroup;
			children = (
				12A8104F2C3BFC7600725C1B /* OnBoardingContent.swift */,
			);
			path = Model;
			sourceTree = "<group>";
		};
		12A810572C3C159E00725C1B /* Presentation */ = {
			isa = PBXGroup;
			children = (
				1221E4B22CC66FD6004AB984 /* State */,
				12C12D7B2C624E6D00C2B0F4 /* ViewModel */,
				12A810582C3C15AA00725C1B /* Screen */,
			);
			path = Presentation;
			sourceTree = "<group>";
		};
		12A810582C3C15AA00725C1B /* Screen */ = {
			isa = PBXGroup;
			children = (
				12A8105A2C3C161900725C1B /* SignInView.swift */,
				1221919A2C56975F00E3E138 /* SignUpView.swift */,
			);
			path = Screen;
			sourceTree = "<group>";
		};
		12AD4FA22C5F965C0081E9F1 /* Repository */ = {
			isa = PBXGroup;
			children = (
				12AD4FA32C5F967D0081E9F1 /* AuthenticationRepositoryType.swift */,
			);
			path = Repository;
			sourceTree = "<group>";
		};
		12AD4FA52C5F974C0081E9F1 /* Repository */ = {
			isa = PBXGroup;
			children = (
				12AD4FA72C5F97CD0081E9F1 /* AuthenticationRepositoryImpl.swift */,
			);
			path = Repository;
			sourceTree = "<group>";
		};
		12AD4FA62C5F97560081E9F1 /* Mapper */ = {
			isa = PBXGroup;
			children = (
				12AD4FAA2C5F99140081E9F1 /* AuthenticationResponseToUserEntityConverter.swift */,
			);
			path = Mapper;
			sourceTree = "<group>";
		};
		12C12D762C624B5900C2B0F4 /* UseCase */ = {
			isa = PBXGroup;
			children = (
				12C12D772C624B6E00C2B0F4 /* SignInUseCase.swift */,
				12C12D792C624C1B00C2B0F4 /* SignUpUseCase.swift */,
				12694BC92C74C13A00E9B44C /* RefreshUserSessionUseCase.swift */,
			);
			path = UseCase;
			sourceTree = "<group>";
		};
		12C12D7B2C624E6D00C2B0F4 /* ViewModel */ = {
			isa = PBXGroup;
			children = (
				1221E4B02CC66FC6004AB984 /* SignUpViewModel.swift */,
				1221E4AE2CC66FB2004AB984 /* SignInViewModel.swift */,
			);
			path = ViewModel;
			sourceTree = "<group>";
		};
		12C1EDF12C37CBF6005783CC /* Fonts */ = {
			isa = PBXGroup;
			children = (
				1251E6592C36F0E500FE8E93 /* RobotoCondensed.ttf */,
			);
			path = Fonts;
			sourceTree = "<group>";
		};
		12C1EDF22C37FF7D005783CC /* Resources */ = {
			isa = PBXGroup;
			children = (
				12C1EDF12C37CBF6005783CC /* Fonts */,
				12C1EDF42C38000A005783CC /* Localizable.xcstrings */,
			);
			path = Resources;
			sourceTree = "<group>";
		};
		12F3C3252C906D62003F8F88 /* Utils */ = {
			isa = PBXGroup;
			children = (
				12F3C3272C906D75003F8F88 /* DateTimeUtils.swift */,
			);
			path = Utils;
			sourceTree = "<group>";
		};
		12F6C7EB2CF6068C00905DBB /* Details */ = {
			isa = PBXGroup;
			children = (
				12F6C7EC2CF606A500905DBB /* Presentation */,
			);
			path = Details;
			sourceTree = "<group>";
		};
		12F6C7EC2CF606A500905DBB /* Presentation */ = {
			isa = PBXGroup;
			children = (
				12F6C7ED2CF606C900905DBB /* BlogDetailView.swift */,
			);
			path = Presentation;
			sourceTree = "<group>";
		};
		12FAD88F2C7F6237007EAB59 /* Screen */ = {
			isa = PBXGroup;
			children = (
				12FAD8902C7F6250007EAB59 /* BottomTabMenuView.swift */,
			);
			path = Screen;
			sourceTree = "<group>";
		};
/* End PBXGroup section */

/* Begin PBXNativeTarget section */
		1251E6392C36E61F00FE8E93 /* Gearbox */ = {
			isa = PBXNativeTarget;
			buildConfigurationList = 1251E6482C36E62100FE8E93 /* Build configuration list for PBXNativeTarget "Gearbox" */;
			buildPhases = (
				1251E6362C36E61F00FE8E93 /* Sources */,
				1251E6372C36E61F00FE8E93 /* Frameworks */,
				1251E6382C36E61F00FE8E93 /* Resources */,
			);
			buildRules = (
			);
			dependencies = (
			);
			name = Gearbox;
			packageProductDependencies = (
				125216842C5BDE2F00A0185B /* GearboxDatasource */,
				12C12D722C623CA600C2B0F4 /* Dependency */,
				126BEB4B2C6CC8D7000DB687 /* KeychainSwift */,
			);
			productName = Gearbox;
			productReference = 1251E63A2C36E61F00FE8E93 /* Gearbox.app */;
			productType = "com.apple.product-type.application";
		};
/* End PBXNativeTarget section */

/* Begin PBXProject section */
		1251E6322C36E61F00FE8E93 /* Project object */ = {
			isa = PBXProject;
			attributes = {
				BuildIndependentTargetsInParallel = 1;
				LastSwiftUpdateCheck = 1540;
				LastUpgradeCheck = 1540;
				TargetAttributes = {
					1251E6392C36E61F00FE8E93 = {
						CreatedOnToolsVersion = 15.4;
					};
				};
			};
			buildConfigurationList = 1251E6352C36E61F00FE8E93 /* Build configuration list for PBXProject "Gearbox" */;
			compatibilityVersion = "Xcode 14.0";
			developmentRegion = en;
			hasScannedForEncodings = 0;
			knownRegions = (
				en,
				hr,
				Base,
			);
			mainGroup = 1251E6312C36E61F00FE8E93;
			packageReferences = (
				12C12D712C623CA600C2B0F4 /* XCRemoteSwiftPackageReference "Dependency" */,
				126BEB4A2C6CC8D7000DB687 /* XCRemoteSwiftPackageReference "keychain-swift" */,
			);
			productRefGroup = 1251E63B2C36E61F00FE8E93 /* Products */;
			projectDirPath = "";
			projectRoot = "";
			targets = (
				1251E6392C36E61F00FE8E93 /* Gearbox */,
			);
		};
/* End PBXProject section */

/* Begin PBXResourcesBuildPhase section */
		1251E6382C36E61F00FE8E93 /* Resources */ = {
			isa = PBXResourcesBuildPhase;
			buildActionMask = 2147483647;
			files = (
				1251E6452C36E62100FE8E93 /* Preview Assets.xcassets in Resources */,
				1251E6422C36E62100FE8E93 /* Assets.xcassets in Resources */,
				12C1EDF52C38000A005783CC /* Localizable.xcstrings in Resources */,
				1251E65A2C36F0E500FE8E93 /* RobotoCondensed.ttf in Resources */,
			);
			runOnlyForDeploymentPostprocessing = 0;
		};
/* End PBXResourcesBuildPhase section */

/* Begin PBXSourcesBuildPhase section */
		1251E6362C36E61F00FE8E93 /* Sources */ = {
			isa = PBXSourcesBuildPhase;
			buildActionMask = 2147483647;
			files = (
				126E78132CEF7E0B00181484 /* SignUpState.swift in Sources */,
				1297A7572D01DFB600DF3BBD /* BlogRepositoryType.swift in Sources */,
				1297A75F2D01E36B00DF3BBD /* BlogError.swift in Sources */,
				1297A75D2D01E2A000DF3BBD /* BlogRepositoryImpl.swift in Sources */,
				12A810502C3BFC7600725C1B /* OnBoardingContent.swift in Sources */,
				126E78122CEF7CA200181484 /* ProfileView.swift in Sources */,
				1252167C2C5A5DDF00A0185B /* NavigationUtils.swift in Sources */,
				12A810562C3C085F00725C1B /* OnBoardingView.swift in Sources */,
				122191972C56925A00E3E138 /* MasterRouteView.swift in Sources */,
				124F1B412C41284B00897BA3 /* GearboxLargeButton.swift in Sources */,
				12FD83162C930C8C00A9739E /* TODO.swift in Sources */,
				1297A75A2D01DFF600DF3BBD /* Blog.swift in Sources */,
				122191992C5692D000E3E138 /* Router.swift in Sources */,
				12A212EF2CCA7D55004BAE4D /* SplashViewModel.swift in Sources */,
				126BEB492C6CC205000DB687 /* KeychainStorage.swift in Sources */,
				12715B982C760EE600AA37EE /* UserLocalDatasource.swift in Sources */,
				1297A76D2D01EC7A00DF3BBD /* HomeState.swift in Sources */,
				1221E4B12CC66FCA004AB984 /* SignUpViewModel.swift in Sources */,
				12F6C7EE2CF606C900905DBB /* BlogDetailView.swift in Sources */,
				12694BCA2C74C13A00E9B44C /* RefreshUserSessionUseCase.swift in Sources */,
				1212F5762C3ECEC100B1DDCF /* GearboxTextField.swift in Sources */,
				12AD4FAB2C5F99140081E9F1 /* AuthenticationResponseToUserEntityConverter.swift in Sources */,
				1221919B2C56975F00E3E138 /* SignUpView.swift in Sources */,
				12C12D752C623CCA00C2B0F4 /* DependecyInjectionContainer.swift in Sources */,
				1297A76B2D01EBF500DF3BBD /* HomeViewModel.swift in Sources */,
				1297A7622D01E94200DF3BBD /* BlogResponseToBlogEntityConverter.swift in Sources */,
				12AD4F9F2C5F96040081E9F1 /* User.swift in Sources */,
				1221E4AF2CC66FB9004AB984 /* SignInViewModel.swift in Sources */,
				12AD4FAD2C5F992F0081E9F1 /* Converter.swift in Sources */,
				124F1B472C41409200897BA3 /* StringValidators.swift in Sources */,
				12FAD8912C7F6250007EAB59 /* BottomTabMenuView.swift in Sources */,
				12C12D7A2C624C1B00C2B0F4 /* SignUpUseCase.swift in Sources */,
				12F3C32A2C9071AD003F8F88 /* TrendingBlogCard.swift in Sources */,
				126D80142C6629EE006FFD3B /* AuthError.swift in Sources */,
				1221E4B42CC66FDF004AB984 /* SignInState.swift in Sources */,
				12C12D782C624B6E00C2B0F4 /* SignInUseCase.swift in Sources */,
				12F3C3282C906D75003F8F88 /* DateTimeUtils.swift in Sources */,
				1297A7672D01EB4100DF3BBD /* GetTrendingBlogsUseCase.swift in Sources */,
				12AD4FA82C5F97CD0081E9F1 /* AuthenticationRepositoryImpl.swift in Sources */,
				12A8105B2C3C161900725C1B /* SignInView.swift in Sources */,
				12769EF22CC9236E00F5CEA0 /* FormValidator.swift in Sources */,
				12AD4FA12C5F961D0081E9F1 /* Token.swift in Sources */,
				126E780E2CEF7BF300181484 /* BookmarkedBlogsView.swift in Sources */,
				1251E63E2C36E61F00FE8E93 /* GearboxApp.swift in Sources */,
				12CAFC362C7C8B870038ED40 /* SplashView.swift in Sources */,
				123BD9062C6B77F3007762EF /* HomeView.swift in Sources */,
				12AD4FA42C5F967D0081E9F1 /* AuthenticationRepositoryType.swift in Sources */,
				126E78102CEF7C0400181484 /* ExploreView.swift in Sources */,
				126E780C2CEF7BE100181484 /* CreateNewView.swift in Sources */,
				124A198D2CF0BA84005B97CA /* BlogCard.swift in Sources */,
			);
			runOnlyForDeploymentPostprocessing = 0;
		};
/* End PBXSourcesBuildPhase section */

/* Begin XCBuildConfiguration section */
		1251E6462C36E62100FE8E93 /* Debug */ = {
			isa = XCBuildConfiguration;
			buildSettings = {
				ALWAYS_SEARCH_USER_PATHS = NO;
				ASSETCATALOG_COMPILER_GENERATE_SWIFT_ASSET_SYMBOL_EXTENSIONS = YES;
				CLANG_ANALYZER_NONNULL = YES;
				CLANG_ANALYZER_NUMBER_OBJECT_CONVERSION = YES_AGGRESSIVE;
				CLANG_CXX_LANGUAGE_STANDARD = "gnu++20";
				CLANG_ENABLE_MODULES = YES;
				CLANG_ENABLE_OBJC_ARC = YES;
				CLANG_ENABLE_OBJC_WEAK = YES;
				CLANG_WARN_BLOCK_CAPTURE_AUTORELEASING = YES;
				CLANG_WARN_BOOL_CONVERSION = YES;
				CLANG_WARN_COMMA = YES;
				CLANG_WARN_CONSTANT_CONVERSION = YES;
				CLANG_WARN_DEPRECATED_OBJC_IMPLEMENTATIONS = YES;
				CLANG_WARN_DIRECT_OBJC_ISA_USAGE = YES_ERROR;
				CLANG_WARN_DOCUMENTATION_COMMENTS = YES;
				CLANG_WARN_EMPTY_BODY = YES;
				CLANG_WARN_ENUM_CONVERSION = YES;
				CLANG_WARN_INFINITE_RECURSION = YES;
				CLANG_WARN_INT_CONVERSION = YES;
				CLANG_WARN_NON_LITERAL_NULL_CONVERSION = YES;
				CLANG_WARN_OBJC_IMPLICIT_RETAIN_SELF = YES;
				CLANG_WARN_OBJC_LITERAL_CONVERSION = YES;
				CLANG_WARN_OBJC_ROOT_CLASS = YES_ERROR;
				CLANG_WARN_QUOTED_INCLUDE_IN_FRAMEWORK_HEADER = YES;
				CLANG_WARN_RANGE_LOOP_ANALYSIS = YES;
				CLANG_WARN_STRICT_PROTOTYPES = YES;
				CLANG_WARN_SUSPICIOUS_MOVE = YES;
				CLANG_WARN_UNGUARDED_AVAILABILITY = YES_AGGRESSIVE;
				CLANG_WARN_UNREACHABLE_CODE = YES;
				CLANG_WARN__DUPLICATE_METHOD_MATCH = YES;
				COPY_PHASE_STRIP = NO;
				DEBUG_INFORMATION_FORMAT = dwarf;
				ENABLE_STRICT_OBJC_MSGSEND = YES;
				ENABLE_TESTABILITY = YES;
				ENABLE_USER_SCRIPT_SANDBOXING = YES;
				GCC_C_LANGUAGE_STANDARD = gnu17;
				GCC_DYNAMIC_NO_PIC = NO;
				GCC_NO_COMMON_BLOCKS = YES;
				GCC_OPTIMIZATION_LEVEL = 0;
				GCC_PREPROCESSOR_DEFINITIONS = (
					"DEBUG=1",
					"$(inherited)",
				);
				GCC_WARN_64_TO_32_BIT_CONVERSION = YES;
				GCC_WARN_ABOUT_RETURN_TYPE = YES_ERROR;
				GCC_WARN_UNDECLARED_SELECTOR = YES;
				GCC_WARN_UNINITIALIZED_AUTOS = YES_AGGRESSIVE;
				GCC_WARN_UNUSED_FUNCTION = YES;
				GCC_WARN_UNUSED_VARIABLE = YES;
				IPHONEOS_DEPLOYMENT_TARGET = 17.5;
				LOCALIZATION_PREFERS_STRING_CATALOGS = YES;
				MTL_ENABLE_DEBUG_INFO = INCLUDE_SOURCE;
				MTL_FAST_MATH = YES;
				ONLY_ACTIVE_ARCH = YES;
				SDKROOT = iphoneos;
				SWIFT_ACTIVE_COMPILATION_CONDITIONS = "DEBUG $(inherited)";
				SWIFT_OPTIMIZATION_LEVEL = "-Onone";
			};
			name = Debug;
		};
		1251E6472C36E62100FE8E93 /* Release */ = {
			isa = XCBuildConfiguration;
			buildSettings = {
				ALWAYS_SEARCH_USER_PATHS = NO;
				ASSETCATALOG_COMPILER_GENERATE_SWIFT_ASSET_SYMBOL_EXTENSIONS = YES;
				CLANG_ANALYZER_NONNULL = YES;
				CLANG_ANALYZER_NUMBER_OBJECT_CONVERSION = YES_AGGRESSIVE;
				CLANG_CXX_LANGUAGE_STANDARD = "gnu++20";
				CLANG_ENABLE_MODULES = YES;
				CLANG_ENABLE_OBJC_ARC = YES;
				CLANG_ENABLE_OBJC_WEAK = YES;
				CLANG_WARN_BLOCK_CAPTURE_AUTORELEASING = YES;
				CLANG_WARN_BOOL_CONVERSION = YES;
				CLANG_WARN_COMMA = YES;
				CLANG_WARN_CONSTANT_CONVERSION = YES;
				CLANG_WARN_DEPRECATED_OBJC_IMPLEMENTATIONS = YES;
				CLANG_WARN_DIRECT_OBJC_ISA_USAGE = YES_ERROR;
				CLANG_WARN_DOCUMENTATION_COMMENTS = YES;
				CLANG_WARN_EMPTY_BODY = YES;
				CLANG_WARN_ENUM_CONVERSION = YES;
				CLANG_WARN_INFINITE_RECURSION = YES;
				CLANG_WARN_INT_CONVERSION = YES;
				CLANG_WARN_NON_LITERAL_NULL_CONVERSION = YES;
				CLANG_WARN_OBJC_IMPLICIT_RETAIN_SELF = YES;
				CLANG_WARN_OBJC_LITERAL_CONVERSION = YES;
				CLANG_WARN_OBJC_ROOT_CLASS = YES_ERROR;
				CLANG_WARN_QUOTED_INCLUDE_IN_FRAMEWORK_HEADER = YES;
				CLANG_WARN_RANGE_LOOP_ANALYSIS = YES;
				CLANG_WARN_STRICT_PROTOTYPES = YES;
				CLANG_WARN_SUSPICIOUS_MOVE = YES;
				CLANG_WARN_UNGUARDED_AVAILABILITY = YES_AGGRESSIVE;
				CLANG_WARN_UNREACHABLE_CODE = YES;
				CLANG_WARN__DUPLICATE_METHOD_MATCH = YES;
				COPY_PHASE_STRIP = NO;
				DEBUG_INFORMATION_FORMAT = "dwarf-with-dsym";
				ENABLE_NS_ASSERTIONS = NO;
				ENABLE_STRICT_OBJC_MSGSEND = YES;
				ENABLE_USER_SCRIPT_SANDBOXING = YES;
				GCC_C_LANGUAGE_STANDARD = gnu17;
				GCC_NO_COMMON_BLOCKS = YES;
				GCC_WARN_64_TO_32_BIT_CONVERSION = YES;
				GCC_WARN_ABOUT_RETURN_TYPE = YES_ERROR;
				GCC_WARN_UNDECLARED_SELECTOR = YES;
				GCC_WARN_UNINITIALIZED_AUTOS = YES_AGGRESSIVE;
				GCC_WARN_UNUSED_FUNCTION = YES;
				GCC_WARN_UNUSED_VARIABLE = YES;
				IPHONEOS_DEPLOYMENT_TARGET = 17.5;
				LOCALIZATION_PREFERS_STRING_CATALOGS = YES;
				MTL_ENABLE_DEBUG_INFO = NO;
				MTL_FAST_MATH = YES;
				SDKROOT = iphoneos;
				SWIFT_COMPILATION_MODE = wholemodule;
				VALIDATE_PRODUCT = YES;
			};
			name = Release;
		};
		1251E6492C36E62100FE8E93 /* Debug */ = {
			isa = XCBuildConfiguration;
			buildSettings = {
				ASSETCATALOG_COMPILER_APPICON_NAME = AppIcon;
				ASSETCATALOG_COMPILER_GLOBAL_ACCENT_COLOR_NAME = AccentColor;
				CODE_SIGN_STYLE = Automatic;
				CURRENT_PROJECT_VERSION = 1;
				DEVELOPMENT_ASSET_PATHS = "\"Gearbox/Preview Content\"";
				DEVELOPMENT_TEAM = JKVW4Y7PD6;
				ENABLE_PREVIEWS = YES;
				GENERATE_INFOPLIST_FILE = YES;
				INFOPLIST_FILE = Gearbox/Info.plist;
				INFOPLIST_KEY_UIApplicationSceneManifest_Generation = YES;
				INFOPLIST_KEY_UIApplicationSupportsIndirectInputEvents = YES;
				INFOPLIST_KEY_UILaunchScreen_Generation = YES;
				INFOPLIST_KEY_UISupportedInterfaceOrientations = UIInterfaceOrientationPortrait;
				INFOPLIST_KEY_UISupportedInterfaceOrientations_iPad = "UIInterfaceOrientationPortrait UIInterfaceOrientationPortraitUpsideDown";
				IPHONEOS_DEPLOYMENT_TARGET = 17.0;
				LD_RUNPATH_SEARCH_PATHS = (
					"$(inherited)",
					"@executable_path/Frameworks",
				);
				MARKETING_VERSION = 1.0;
				PRODUCT_BUNDLE_IDENTIFIER = kisic.filip.Gearbox;
				PRODUCT_NAME = "$(TARGET_NAME)";
				SUPPORTED_PLATFORMS = "iphoneos iphonesimulator";
				SUPPORTS_MACCATALYST = NO;
				SUPPORTS_MAC_DESIGNED_FOR_IPHONE_IPAD = NO;
				SUPPORTS_XR_DESIGNED_FOR_IPHONE_IPAD = NO;
				SWIFT_EMIT_LOC_STRINGS = YES;
				SWIFT_VERSION = 5.0;
				TARGETED_DEVICE_FAMILY = "1,2";
			};
			name = Debug;
		};
		1251E64A2C36E62100FE8E93 /* Release */ = {
			isa = XCBuildConfiguration;
			buildSettings = {
				ASSETCATALOG_COMPILER_APPICON_NAME = AppIcon;
				ASSETCATALOG_COMPILER_GLOBAL_ACCENT_COLOR_NAME = AccentColor;
				CODE_SIGN_STYLE = Automatic;
				CURRENT_PROJECT_VERSION = 1;
				DEVELOPMENT_ASSET_PATHS = "\"Gearbox/Preview Content\"";
				DEVELOPMENT_TEAM = JKVW4Y7PD6;
				ENABLE_PREVIEWS = YES;
				GENERATE_INFOPLIST_FILE = YES;
				INFOPLIST_FILE = Gearbox/Info.plist;
				INFOPLIST_KEY_UIApplicationSceneManifest_Generation = YES;
				INFOPLIST_KEY_UIApplicationSupportsIndirectInputEvents = YES;
				INFOPLIST_KEY_UILaunchScreen_Generation = YES;
				INFOPLIST_KEY_UISupportedInterfaceOrientations = UIInterfaceOrientationPortrait;
				INFOPLIST_KEY_UISupportedInterfaceOrientations_iPad = "UIInterfaceOrientationPortrait UIInterfaceOrientationPortraitUpsideDown";
				IPHONEOS_DEPLOYMENT_TARGET = 17.0;
				LD_RUNPATH_SEARCH_PATHS = (
					"$(inherited)",
					"@executable_path/Frameworks",
				);
				MARKETING_VERSION = 1.0;
				PRODUCT_BUNDLE_IDENTIFIER = kisic.filip.Gearbox;
				PRODUCT_NAME = "$(TARGET_NAME)";
				SUPPORTED_PLATFORMS = "iphoneos iphonesimulator";
				SUPPORTS_MACCATALYST = NO;
				SUPPORTS_MAC_DESIGNED_FOR_IPHONE_IPAD = NO;
				SUPPORTS_XR_DESIGNED_FOR_IPHONE_IPAD = NO;
				SWIFT_EMIT_LOC_STRINGS = YES;
				SWIFT_VERSION = 5.0;
				TARGETED_DEVICE_FAMILY = "1,2";
			};
			name = Release;
		};
/* End XCBuildConfiguration section */

/* Begin XCConfigurationList section */
		1251E6352C36E61F00FE8E93 /* Build configuration list for PBXProject "Gearbox" */ = {
			isa = XCConfigurationList;
			buildConfigurations = (
				1251E6462C36E62100FE8E93 /* Debug */,
				1251E6472C36E62100FE8E93 /* Release */,
			);
			defaultConfigurationIsVisible = 0;
			defaultConfigurationName = Release;
		};
		1251E6482C36E62100FE8E93 /* Build configuration list for PBXNativeTarget "Gearbox" */ = {
			isa = XCConfigurationList;
			buildConfigurations = (
				1251E6492C36E62100FE8E93 /* Debug */,
				1251E64A2C36E62100FE8E93 /* Release */,
			);
			defaultConfigurationIsVisible = 0;
			defaultConfigurationName = Release;
		};
/* End XCConfigurationList section */

/* Begin XCRemoteSwiftPackageReference section */
		126BEB4A2C6CC8D7000DB687 /* XCRemoteSwiftPackageReference "keychain-swift" */ = {
			isa = XCRemoteSwiftPackageReference;
			repositoryURL = "https://github.com/evgenyneu/keychain-swift";
			requirement = {
				kind = upToNextMajorVersion;
				minimumVersion = 24.0.0;
			};
		};
		12C12D712C623CA600C2B0F4 /* XCRemoteSwiftPackageReference "Dependency" */ = {
			isa = XCRemoteSwiftPackageReference;
			repositoryURL = "https://github.com/chFlorian/Dependency";
			requirement = {
				kind = upToNextMajorVersion;
				minimumVersion = 1.0.0;
			};
		};
/* End XCRemoteSwiftPackageReference section */

/* Begin XCSwiftPackageProductDependency section */
		125216842C5BDE2F00A0185B /* GearboxDatasource */ = {
			isa = XCSwiftPackageProductDependency;
			productName = GearboxDatasource;
		};
		126BEB4B2C6CC8D7000DB687 /* KeychainSwift */ = {
			isa = XCSwiftPackageProductDependency;
			package = 126BEB4A2C6CC8D7000DB687 /* XCRemoteSwiftPackageReference "keychain-swift" */;
			productName = KeychainSwift;
		};
		12C12D722C623CA600C2B0F4 /* Dependency */ = {
			isa = XCSwiftPackageProductDependency;
			package = 12C12D712C623CA600C2B0F4 /* XCRemoteSwiftPackageReference "Dependency" */;
			productName = Dependency;
		};
/* End XCSwiftPackageProductDependency section */
	};
	rootObject = 1251E6322C36E61F00FE8E93 /* Project object */;
}
